
Microsoft Visual Studio Solution File, Format Version 12.00
# Visual Studio Version 16
VisualStudioVersion = 16.0.30225.117
MinimumVisualStudioVersion = 10.0.40219.1
Project("{9A19103F-16F7-4668-BE54-9A1E7A4F7556}") = "DVDMovie", "DVDMovie.csproj", "{401A18CF-4805-42EE-8521-319C0703C50C}"
EndProject
Global
	GlobalSection(SolutionConfigurationPlatforms) = preSolution
		Debug|Any CPU = Debug|Any CPU
		Release|Any CPU = Release|Any CPU
	EndGlobalSection
	GlobalSection(ProjectConfigurationPlatforms) = postSolution
		{401A18CF-4805-42EE-8521-319C0703C50C}.Debug|Any CPU.ActiveCfg = Debug|Any CPU
		{401A18CF-4805-42EE-8521-319C0703C50C}.Debug|Any CPU.Build.0 = Debug|Any CPU
		{401A18CF-4805-42EE-8521-319C0703C50C}.Release|Any CPU.ActiveCfg = Release|Any CPU
		{401A18CF-4805-42EE-8521-319C0703C50C}.Release|Any CPU.Build.0 = Release|Any CPU
	EndGlobalSection
	GlobalSection(SolutionProperties) = preSolution
		HideSolutionNode = FALSE
	EndGlobalSection
	GlobalSection(ExtensibilityGlobals) = postSolution
		SolutionGuid = {4CEE42AE-29E0-460F-8899-FA32AE5FC117}
	EndGlobalSection
EndGlobal
